
Microsoft Visual Studio Solution File, Format Version 12.00
# Visual Studio 15
VisualStudioVersion = 15.0.26730.16
MinimumVisualStudioVersion = 10.0.40219.1
Project("{FAE04EC0-301F-11D3-BF4B-00C04F79EFBC}") = "WebApplication1", "WebApplication1\WebApplication1.csproj", "{F6DFB100-F4F4-4682-B4B3-E6AE3680739D}"
EndProject
Global
	GlobalSection(SolutionConfigurationPlatforms) = preSolution
		Debug|Any CPU = Debug|Any CPU
		Release|Any CPU = Release|Any CPU
	EndGlobalSection
	GlobalSection(ProjectConfigurationPlatforms) = postSolution
		{F6DFB100-F4F4-4682-B4B3-E6AE3680739D}.Debug|Any CPU.ActiveCfg = Debug|Any CPU
		{F6DFB100-F4F4-4682-B4B3-E6AE3680739D}.Debug|Any CPU.Build.0 = Debug|Any CPU
		{F6DFB100-F4F4-4682-B4B3-E6AE3680739D}.Release|Any CPU.ActiveCfg = Release|Any CPU
		{F6DFB100-F4F4-4682-B4B3-E6AE3680739D}.Release|Any CPU.Build.0 = Release|Any CPU
	EndGlobalSection
	GlobalSection(SolutionProperties) = preSolution
		HideSolutionNode = FALSE
	EndGlobalSection
	GlobalSection(ExtensibilityGlobals) = postSolution
		SolutionGuid = {7FC26F37-6E4A-469A-B2D0-6EF7F4BCBCC8}
	EndGlobalSection
EndGlobal
